
Microsoft Visual Studio Solution File, Format Version 12.00
# Visual Studio Version 17
VisualStudioVersion = 17.7.34031.279
MinimumVisualStudioVersion = 10.0.40219.1
Project("{FAE04EC0-301F-11D3-BF4B-00C04F79EFBC}") = "BankConoleApp", "BankConoleApp.csproj", "{AF37C0DE-9694-4380-9897-9B715F63A961}"
EndProject
Global
	GlobalSection(SolutionConfigurationPlatforms) = preSolution
		Debug|Any CPU = Debug|Any CPU
		Release|Any CPU = Release|Any CPU
	EndGlobalSection
	GlobalSection(ProjectConfigurationPlatforms) = postSolution
		{AF37C0DE-9694-4380-9897-9B715F63A961}.Debug|Any CPU.ActiveCfg = Debug|Any CPU
		{AF37C0DE-9694-4380-9897-9B715F63A961}.Debug|Any CPU.Build.0 = Debug|Any CPU
		{AF37C0DE-9694-4380-9897-9B715F63A961}.Release|Any CPU.ActiveCfg = Release|Any CPU
		{AF37C0DE-9694-4380-9897-9B715F63A961}.Release|Any CPU.Build.0 = Release|Any CPU
	EndGlobalSection
	GlobalSection(SolutionProperties) = preSolution
		HideSolutionNode = FALSE
	EndGlobalSection
	GlobalSection(ExtensibilityGlobals) = postSolution
		SolutionGuid = {D20DC8BF-C97E-421E-81F3-CA2E0392BE3F}
	EndGlobalSection
EndGlobal
